PODS:
  - AppsFlutterYieldloveSDK (0.9.9):
    - Flutter
  - Flutter (1.0.0)

DEPENDENCIES:
  - AppsFlutterYieldloveSDK (from `.symlinks/plugins/AppsFlutterYieldloveSDK/ios`)
  - Flutter (from `Flutter`)

EXTERNAL SOURCES:
  AppsFlutterYieldloveSDK:
    :path: ".symlinks/plugins/AppsFlutterYieldloveSDK/ios"
  Flutter:
    :path: Flutter

SPEC CHECKSUMS:
  AppsFlutterYieldloveSDK: 30b1e95124644318bffe0a39958d3dd026c6ad6c
  Flutter: 434fef37c0980e73bb6479ef766c45957d4b510c

PODFILE CHECKSUM: 35813dfcf67eb4c83e5920fecc9a07258d676535

COCOAPODS: 1.10.0
